
Microsoft Visual Studio Solution File, Format Version 12.00
# Visual Studio Version 17
VisualStudioVersion = 17.14.36414.22 d17.14
MinimumVisualStudioVersion = 10.0.40219.1
Project("{FAE04EC0-301F-11D3-BF4B-00C04F79EFBC}") = "Circle", "Circle\Circle.csproj", "{541FCA9E-37F2-444D-B04E-F2E4D7E0D545}"
EndProject
Global
	GlobalSection(SolutionConfigurationPlatforms) = preSolution
		Debug|Any CPU = Debug|Any CPU
		Release|Any CPU = Release|Any CPU
	EndGlobalSection
	GlobalSection(ProjectConfigurationPlatforms) = postSolution
		{541FCA9E-37F2-444D-B04E-F2E4D7E0D545}.Debug|Any CPU.ActiveCfg = Debug|Any CPU
		{541FCA9E-37F2-444D-B04E-F2E4D7E0D545}.Debug|Any CPU.Build.0 = Debug|Any CPU
		{541FCA9E-37F2-444D-B04E-F2E4D7E0D545}.Release|Any CPU.ActiveCfg = Release|Any CPU
		{541FCA9E-37F2-444D-B04E-F2E4D7E0D545}.Release|Any CPU.Build.0 = Release|Any CPU
	EndGlobalSection
	GlobalSection(SolutionProperties) = preSolution
		HideSolutionNode = FALSE
	EndGlobalSection
	GlobalSection(ExtensibilityGlobals) = postSolution
		SolutionGuid = {91F7CF81-89D4-422C-9E53-C05C1F777C35}
	EndGlobalSection
EndGlobal
